
Microsoft Visual Studio Solution File, Format Version 12.00
Project("{2150E333-8FDC-42A3-9474-1A3956D46DE8}") = "src", "src", "{DCA945FA-9C17-4571-8961-2C1825A1BCAE}"
EndProject
Project("{2150E333-8FDC-42A3-9474-1A3956D46DE8}") = "samples", "samples", "{A4C08268-A245-465E-B41A-02F8684748B2}"
EndProject
Project("{FAE04EC0-301F-11D3-BF4B-00C04F79EFBC}") = "BlazorAnime", "src\BlazorAnime\BlazorAnime.csproj", "{78C5C008-39D2-4CD8-A06A-80F55622C097}"
EndProject
Project("{FAE04EC0-301F-11D3-BF4B-00C04F79EFBC}") = "Examples.WebAssembly", "samples\Examples.WebAssembly\Examples.WebAssembly.csproj", "{A9508984-40C5-4C67-AD80-6A4018D57883}"
EndProject
Project("{2150E333-8FDC-42A3-9474-1A3956D46DE8}") = "test", "test", "{0C88DD14-F956-CE84-757C-A364CCF449FC}"
EndProject
Project("{FAE04EC0-301F-11D3-BF4B-00C04F79EFBC}") = "BlazorAnime.Tests", "test\BlazorAnime.Tests\BlazorAnime.Tests.csproj", "{C08477C0-8DD3-4934-99DE-98935A242719}"
EndProject
Project("{FAE04EC0-301F-11D3-BF4B-00C04F79EFBC}") = "BlazorAnime.UiTests", "test\BlazorAnime.UiTests\BlazorAnime.UiTests.csproj", "{3EBDA007-3D05-429F-8B3C-523124F66675}"
EndProject
Project("{FAE04EC0-301F-11D3-BF4B-00C04F79EFBC}") = "PageTransitions", "samples\PageTransitions\PageTransitions.csproj", "{20D3467B-B3B2-4A06-A09A-D054141A4B3F}"
EndProject
Global
	GlobalSection(SolutionConfigurationPlatforms) = preSolution
		Debug|Any CPU = Debug|Any CPU
		Debug|x64 = Debug|x64
		Debug|x86 = Debug|x86
		Release|Any CPU = Release|Any CPU
		Release|x64 = Release|x64
		Release|x86 = Release|x86
	EndGlobalSection
	GlobalSection(ProjectConfigurationPlatforms) = postSolution
		{78C5C008-39D2-4CD8-A06A-80F55622C097}.Debug|Any CPU.ActiveCfg = Debug|Any CPU
		{78C5C008-39D2-4CD8-A06A-80F55622C097}.Debug|Any CPU.Build.0 = Debug|Any CPU
		{78C5C008-39D2-4CD8-A06A-80F55622C097}.Debug|x64.ActiveCfg = Debug|Any CPU
		{78C5C008-39D2-4CD8-A06A-80F55622C097}.Debug|x64.Build.0 = Debug|Any CPU
		{78C5C008-39D2-4CD8-A06A-80F55622C097}.Debug|x86.ActiveCfg = Debug|Any CPU
		{78C5C008-39D2-4CD8-A06A-80F55622C097}.Debug|x86.Build.0 = Debug|Any CPU
		{78C5C008-39D2-4CD8-A06A-80F55622C097}.Release|Any CPU.ActiveCfg = Release|Any CPU
		{78C5C008-39D2-4CD8-A06A-80F55622C097}.Release|Any CPU.Build.0 = Release|Any CPU
		{78C5C008-39D2-4CD8-A06A-80F55622C097}.Release|x64.ActiveCfg = Release|Any CPU
		{78C5C008-39D2-4CD8-A06A-80F55622C097}.Release|x64.Build.0 = Release|Any CPU
		{78C5C008-39D2-4CD8-A06A-80F55622C097}.Release|x86.ActiveCfg = Release|Any CPU
		{78C5C008-39D2-4CD8-A06A-80F55622C097}.Release|x86.Build.0 = Release|Any CPU
		{A9508984-40C5-4C67-AD80-6A4018D57883}.Debug|Any CPU.ActiveCfg = Debug|Any CPU
		{A9508984-40C5-4C67-AD80-6A4018D57883}.Debug|Any CPU.Build.0 = Debug|Any CPU
		{A9508984-40C5-4C67-AD80-6A4018D57883}.Debug|x64.ActiveCfg = Debug|Any CPU
		{A9508984-40C5-4C67-AD80-6A4018D57883}.Debug|x64.Build.0 = Debug|Any CPU
		{A9508984-40C5-4C67-AD80-6A4018D57883}.Debug|x86.ActiveCfg = Debug|Any CPU
		{A9508984-40C5-4C67-AD80-6A4018D57883}.Debug|x86.Build.0 = Debug|Any CPU
		{A9508984-40C5-4C67-AD80-6A4018D57883}.Release|Any CPU.ActiveCfg = Release|Any CPU
		{A9508984-40C5-4C67-AD80-6A4018D57883}.Release|Any CPU.Build.0 = Release|Any CPU
		{A9508984-40C5-4C67-AD80-6A4018D57883}.Release|x64.ActiveCfg = Release|Any CPU
		{A9508984-40C5-4C67-AD80-6A4018D57883}.Release|x64.Build.0 = Release|Any CPU
		{A9508984-40C5-4C67-AD80-6A4018D57883}.Release|x86.ActiveCfg = Release|Any CPU
		{A9508984-40C5-4C67-AD80-6A4018D57883}.Release|x86.Build.0 = Release|Any CPU
		{C08477C0-8DD3-4934-99DE-98935A242719}.Debug|Any CPU.ActiveCfg = Debug|Any CPU
		{C08477C0-8DD3-4934-99DE-98935A242719}.Debug|Any CPU.Build.0 = Debug|Any CPU
		{C08477C0-8DD3-4934-99DE-98935A242719}.Debug|x64.ActiveCfg = Debug|Any CPU
		{C08477C0-8DD3-4934-99DE-98935A242719}.Debug|x64.Build.0 = Debug|Any CPU
		{C08477C0-8DD3-4934-99DE-98935A242719}.Debug|x86.ActiveCfg = Debug|Any CPU
		{C08477C0-8DD3-4934-99DE-98935A242719}.Debug|x86.Build.0 = Debug|Any CPU
		{C08477C0-8DD3-4934-99DE-98935A242719}.Release|Any CPU.ActiveCfg = Release|Any CPU
		{C08477C0-8DD3-4934-99DE-98935A242719}.Release|Any CPU.Build.0 = Release|Any CPU
		{C08477C0-8DD3-4934-99DE-98935A242719}.Release|x64.ActiveCfg = Release|Any CPU
		{C08477C0-8DD3-4934-99DE-98935A242719}.Release|x64.Build.0 = Release|Any CPU
		{C08477C0-8DD3-4934-99DE-98935A242719}.Release|x86.ActiveCfg = Release|Any CPU
		{C08477C0-8DD3-4934-99DE-98935A242719}.Release|x86.Build.0 = Release|Any CPU
		{3EBDA007-3D05-429F-8B3C-523124F66675}.Debug|Any CPU.ActiveCfg = Debug|Any CPU
		{3EBDA007-3D05-429F-8B3C-523124F66675}.Debug|Any CPU.Build.0 = Debug|Any CPU
		{3EBDA007-3D05-429F-8B3C-523124F66675}.Debug|x64.ActiveCfg = Debug|Any CPU
		{3EBDA007-3D05-429F-8B3C-523124F66675}.Debug|x64.Build.0 = Debug|Any CPU
		{3EBDA007-3D05-429F-8B3C-523124F66675}.Debug|x86.ActiveCfg = Debug|Any CPU
		{3EBDA007-3D05-429F-8B3C-523124F66675}.Debug|x86.Build.0 = Debug|Any CPU
		{3EBDA007-3D05-429F-8B3C-523124F66675}.Release|Any CPU.ActiveCfg = Release|Any CPU
		{3EBDA007-3D05-429F-8B3C-523124F66675}.Release|Any CPU.Build.0 = Release|Any CPU
		{3EBDA007-3D05-429F-8B3C-523124F66675}.Release|x64.ActiveCfg = Release|Any CPU
		{3EBDA007-3D05-429F-8B3C-523124F66675}.Release|x64.Build.0 = Release|Any CPU
		{3EBDA007-3D05-429F-8B3C-523124F66675}.Release|x86.ActiveCfg = Release|Any CPU
		{3EBDA007-3D05-429F-8B3C-523124F66675}.Release|x86.Build.0 = Release|Any CPU
		{20D3467B-B3B2-4A06-A09A-D054141A4B3F}.Debug|Any CPU.ActiveCfg = Debug|Any CPU
		{20D3467B-B3B2-4A06-A09A-D054141A4B3F}.Debug|Any CPU.Build.0 = Debug|Any CPU
		{20D3467B-B3B2-4A06-A09A-D054141A4B3F}.Debug|x64.ActiveCfg = Debug|Any CPU
		{20D3467B-B3B2-4A06-A09A-D054141A4B3F}.Debug|x64.Build.0 = Debug|Any CPU
		{20D3467B-B3B2-4A06-A09A-D054141A4B3F}.Debug|x86.ActiveCfg = Debug|Any CPU
		{20D3467B-B3B2-4A06-A09A-D054141A4B3F}.Debug|x86.Build.0 = Debug|Any CPU
		{20D3467B-B3B2-4A06-A09A-D054141A4B3F}.Release|Any CPU.ActiveCfg = Release|Any CPU
		{20D3467B-B3B2-4A06-A09A-D054141A4B3F}.Release|Any CPU.Build.0 = Release|Any CPU
		{20D3467B-B3B2-4A06-A09A-D054141A4B3F}.Release|x64.ActiveCfg = Release|Any CPU
		{20D3467B-B3B2-4A06-A09A-D054141A4B3F}.Release|x64.Build.0 = Release|Any CPU
		{20D3467B-B3B2-4A06-A09A-D054141A4B3F}.Release|x86.ActiveCfg = Release|Any CPU
		{20D3467B-B3B2-4A06-A09A-D054141A4B3F}.Release|x86.Build.0 = Release|Any CPU
	EndGlobalSection
	GlobalSection(SolutionProperties) = preSolution
		HideSolutionNode = FALSE
	EndGlobalSection
	GlobalSection(NestedProjects) = preSolution
		{78C5C008-39D2-4CD8-A06A-80F55622C097} = {DCA945FA-9C17-4571-8961-2C1825A1BCAE}
		{A9508984-40C5-4C67-AD80-6A4018D57883} = {A4C08268-A245-465E-B41A-02F8684748B2}
		{C08477C0-8DD3-4934-99DE-98935A242719} = {0C88DD14-F956-CE84-757C-A364CCF449FC}
		{3EBDA007-3D05-429F-8B3C-523124F66675} = {0C88DD14-F956-CE84-757C-A364CCF449FC}
		{20D3467B-B3B2-4A06-A09A-D054141A4B3F} = {A4C08268-A245-465E-B41A-02F8684748B2}
	EndGlobalSection
EndGlobal
